schema: '2.0'
stages:
  data_ingestion:
    cmd: python src/deepClassifier/pipeline/stage_01_data_ingestion.py
    deps:
    - path: configs/config.yaml
      md5: d05049606e3c2e1b7a920591fcff1b48
      size: 878
    - path: src/deepClassifier/pipeline/stage_01_data_ingestion.py
      md5: 3f3bca4eecc368cc3974a1efbae4bddc
      size: 721
    outs:
    - path: artifacts/data_ingestion/PetImages
      md5: 3a5cf86541f22c236620ce5b952ad684.dir
      size: 848866410
      nfiles: 24998
  prepare_base_model:
    cmd: python src/deepClassifier/pipeline/stg_02_prepare_base_model.py
    deps:
    - path: configs/config.yaml
      md5: d05049606e3c2e1b7a920591fcff1b48
      size: 878
    - path: src/deepClassifier/pipeline/stg_02_prepare_base_model.py
      md5: 2414d6b052600282e263467321f15b24
      size: 787
    params:
      params.yaml:
        CLASSES: 2
        IMAGE_SIZE:
        - 224
        - 224
        - 3
        INCLUDE_TOP: false
        LEARNING_RATE: 0.01
        WEIGHTS: imagenet
    outs:
    - path: artifacts/prepare_base_model
      md5: dcc4bec6e33d9dc655ee151afe16f129.dir
      size: 118053368
      nfiles: 2
  training:
    cmd: python src/deepClassifier/pipeline/stg_03_training.py
    deps:
    - path: artifacts/data_ingestion/PetImages
      md5: 3a5cf86541f22c236620ce5b952ad684.dir
      size: 848866410
      nfiles: 24998
    - path: artifacts/prepare_base_model
      md5: dcc4bec6e33d9dc655ee151afe16f129.dir
      size: 118053368
      nfiles: 2
    - path: configs/config.yaml
      md5: d05049606e3c2e1b7a920591fcff1b48
      size: 878
    - path: src/deepClassifier/components/prepare_callback.py
      md5: 1c76dd6a34763c043f8102356796ce8c
      size: 946
    - path: src/deepClassifier/pipeline/stg_03_training.py
      md5: 5d463727e4b94dba5655d28f7319a648
      size: 1015
    params:
      params.yaml:
        AUGMENTATION: true
        BATCH_SIZE: 16
        EPOCHS: 1
        IMAGE_SIZE:
        - 224
        - 224
        - 3
    outs:
    - path: artifacts/training/model.h5
      md5: 81a8987f8ad9370c1554335f4ac1bacd
      size: 59540992
